// !$*UTF8*$!
{
	archiveVersion = 1;
	classes = {
	};
	objectVersion = 46;
	objects = {

/* Begin PBXBuildFile section */
		F9C83F0B16783DE00060A0ED /* main.cpp in Sources */ = {isa = PBXBuildFile; fileRef = F9C83F0A16783DE00060A0ED /* main.cpp */; };
		F9C83F0D16783DE00060A0ED /* RotatedSubString.1 in CopyFiles */ = {isa = PBXBuildFile; fileRef = F9C83F0C16783DE00060A0ED /* RotatedSubString.1 */; };
/* End PBXBuildFile section */

/* Begin PBXCopyFilesBuildPhase section */
		F9C83F0416783DE00060A0ED /* CopyFiles */ = {
			isa = PBXCopyFilesBuildPhase;
			buildActionMask = 2147483647;
			dstPath = /usr/share/man/man1/;
			dstSubfolderSpec = 0;
			files = (
				F9C83F0D16783DE00060A0ED /* RotatedSubString.1 in CopyFiles */,
			);
			runOnlyForDeploymentPostprocessing = 1;
		};
/* End PBXCopyFilesBuildPhase section */

/* Begin PBXFileReference section */
		F9C83F0616783DE00060A0ED /* RotatedSubString */ = {isa = PBXFileReference; explicitFileType = "compiled.mach-o.executable"; includeInIndex = 0; path = RotatedSubString; sourceTree = BUILT_PRODUCTS_DIR; };
		F9C83F0A16783DE00060A0ED /* main.cpp */ = {isa = PBXFileReference; lastKnownFileType = sourcecode.cpp.cpp; path = main.cpp; sourceTree = "<group>"; };
		F9C83F0C16783DE00060A0ED /* RotatedSubString.1 */ = {isa = PBXFileReference; lastKnownFileType = text.man; path = RotatedSubString.1; sourceTree = "<group>"; };
/* End PBXFileReference section */

/* Begin PBXFrameworksBuildPhase section */
		F9C83F0316783DE00060A0ED /* Frameworks */ = {
			isa = PBXFrameworksBuildPhase;
			buildActionMask = 2147483647;
			files = (
			);
			runOnlyForDeploymentPostprocessing = 0;
		};
/* End PBXFrameworksBuildPhase section */

/* Begin PBXGroup section */
		F9C83EFB16783DE00060A0ED = {
			isa = PBXGroup;
			children = (
				F9C83F0916783DE00060A0ED /* RotatedSubString */,
				F9C83F0716783DE00060A0ED /* Products */,
			);
			sourceTree = "<group>";
		};
		F9C83F0716783DE00060A0ED /* Products */ = {
			isa = PBXGroup;
			children = (
				F9C83F0616783DE00060A0ED /* RotatedSubString */,
			);
			name = Products;
			sourceTree = "<group>";
		};
		F9C83F0916783DE00060A0ED /* RotatedSubString */ = {
			isa = PBXGroup;
			children = (
				F9C83F0A16783DE00060A0ED /* main.cpp */,
				F9C83F0C16783DE00060A0ED /* RotatedSubString.1 */,
			);
			path = RotatedSubString;
			sourceTree = "<group>";
		};
/* End PBXGroup section */

/* Begin PBXNativeTarget section */
		F9C83F0516783DE00060A0ED /* RotatedSubString */ = {
			isa = PBXNativeTarget;
			buildConfigurationList = F9C83F1016783DE00060A0ED /* Build configuration list for PBXNativeTarget "RotatedSubString" */;
			buildPhases = (
				F9C83F0216783DE00060A0ED /* Sources */,
				F9C83F0316783DE00060A0ED /* Frameworks */,
				F9C83F0416783DE00060A0ED /* CopyFiles */,
			);
			buildRules = (
			);
			dependencies = (
			);
			name = RotatedSubString;
			productName = RotatedSubString;
			productReference = F9C83F0616783DE00060A0ED /* RotatedSubString */;
			productType = "com.apple.product-type.tool";
		};
/* End PBXNativeTarget section */

/* Begin PBXProject section */
		F9C83EFD16783DE00060A0ED /* Project object */ = {
			isa = PBXProject;
			attributes = {
				LastUpgradeCheck = 0450;
				ORGANIZATIONNAME = "Rohit Priyadarshi";
			};
			buildConfigurationList = F9C83F0016783DE00060A0ED /* Build configuration list for PBXProject "RotatedSubString" */;
			compatibilityVersion = "Xcode 3.2";
			developmentRegion = English;
			hasScannedForEncodings = 0;
			knownRegions = (
				en,
			);
			mainGroup = F9C83EFB16783DE00060A0ED;
			productRefGroup = F9C83F0716783DE00060A0ED /* Products */;
			projectDirPath = "";
			projectRoot = "";
			targets = (
				F9C83F0516783DE00060A0ED /* RotatedSubString */,
			);
		};
/* End PBXProject section */

/* Begin PBXSourcesBuildPhase section */
		F9C83F0216783DE00060A0ED /* Sources */ = {
			isa = PBXSourcesBuildPhase;
			buildActionMask = 2147483647;
			files = (
				F9C83F0B16783DE00060A0ED /* main.cpp in Sources */,
			);
			runOnlyForDeploymentPostprocessing = 0;
		};
/* End PBXSourcesBuildPhase section */

/* Begin XCBuildConfiguration section */
		F9C83F0E16783DE00060A0ED /* Debug */ = {
			isa = XCBuildConfiguration;
			buildSettings = {
				ALWAYS_SEARCH_USER_PATHS = NO;
				ARCHS = "$(ARCHS_STANDARD_64_BIT)";
				CLANG_CXX_LANGUAGE_STANDARD = "gnu++0x";
				CLANG_CXX_LIBRARY = "libc++";
				CLANG_ENABLE_OBJC_ARC = YES;
				CLANG_WARN_EMPTY_BODY = YES;
				CLANG_WARN__DUPLICATE_METHOD_MATCH = YES;
				COPY_PHASE_STRIP = NO;
				GCC_C_LANGUAGE_STANDARD = gnu99;
				GCC_DYNAMIC_NO_PIC = NO;
				GCC_ENABLE_OBJC_EXCEPTIONS = YES;
				GCC_OPTIMIZATION_LEVEL = 0;
				GCC_PREPROCESSOR_DEFINITIONS = (
					"DEBUG=1",
					"$(inherited)",
				);
				GCC_SYMBOLS_PRIVATE_EXTERN = NO;
				GCC_WARN_64_TO_32_BIT_CONVERSION = YES;
				GCC_WARN_ABOUT_RETURN_TYPE = YES;
				GCC_WARN_UNINITIALIZED_AUTOS = YES;
				GCC_WARN_UNUSED_VARIABLE = YES;
				MACOSX_DEPLOYMENT_TARGET = 10.8;
				ONLY_ACTIVE_ARCH = YES;
				SDKROOT = macosx;
			};
			name = Debug;
		};
		F9C83F0F16783DE00060A0ED /* Release */ = {
			isa = XCBuildConfiguration;
			buildSettings = {
				ALWAYS_SEARCH_USER_PATHS = NO;
				ARCHS = "$(ARCHS_STANDARD_64_BIT)";
				CLANG_CXX_LANGUAGE_STANDARD = "gnu++0x";
				CLANG_CXX_LIBRARY = "libc++";
				CLANG_ENABLE_OBJC_ARC = YES;
				CLANG_WARN_EMPTY_BODY = YES;
				CLANG_WARN__DUPLICATE_METHOD_MATCH = YES;
				COPY_PHASE_STRIP = YES;
				DEBUG_INFORMATION_FORMAT = "dwarf-with-dsym";
				GCC_C_LANGUAGE_STANDARD = gnu99;
				GCC_ENABLE_OBJC_EXCEPTIONS = YES;
				GCC_WARN_64_TO_32_BIT_CONVERSION = YES;
				GCC_WARN_ABOUT_RETURN_TYPE = YES;
				GCC_WARN_UNINITIALIZED_AUTOS = YES;
				GCC_WARN_UNUSED_VARIABLE = YES;
				MACOSX_DEPLOYMENT_TARGET = 10.8;
				SDKROOT = macosx;
			};
			name = Release;
		};
		F9C83F1116783DE00060A0ED /* Debug */ = {
			isa = XCBuildConfiguration;
			buildSettings = {
				PRODUCT_NAME = "$(TARGET_NAME)";
			};
			name = Debug;
		};
		F9C83F1216783DE00060A0ED /* Release */ = {
			isa = XCBuildConfiguration;
			buildSettings = {
				PRODUCT_NAME = "$(TARGET_NAME)";
			};
			name = Release;
		};
/* End XCBuildConfiguration section */

/* Begin XCConfigurationList section */
		F9C83F0016783DE00060A0ED /* Build configuration list for PBXProject "RotatedSubString" */ = {
			isa = XCConfigurationList;
			buildConfigurations = (
				F9C83F0E16783DE00060A0ED /* Debug */,
				F9C83F0F16783DE00060A0ED /* Release */,
			);
			defaultConfigurationIsVisible = 0;
			defaultConfigurationName = Release;
		};
		F9C83F1016783DE00060A0ED /* Build configuration list for PBXNativeTarget "RotatedSubString" */ = {
			isa = XCConfigurationList;
			buildConfigurations = (
				F9C83F1116783DE00060A0ED /* Debug */,
				F9C83F1216783DE00060A0ED /* Release */,
			);
			defaultConfigurationIsVisible = 0;
		};
/* End XCConfigurationList section */
	};
	rootObject = F9C83EFD16783DE00060A0ED /* Project object */;
}
