// !$*UTF8*$!
{
	archiveVersion = 1;
	classes = {
	};
	objectVersion = 50;
	objects = {

/* Begin PBXBuildFile section */
		F9AA04AA22210F36006EADC5 /* main.cpp in Sources */ = {isa = PBXBuildFile; fileRef = F9AA04A922210F36006EADC5 /* main.cpp */; };
		F9AA04C5222131EA006EADC5 /* factory.cpp in Sources */ = {isa = PBXBuildFile; fileRef = F9AA04C3222131EA006EADC5 /* factory.cpp */; };
/* End PBXBuildFile section */

/* Begin PBXCopyFilesBuildPhase section */
		F9AA04A422210F36006EADC5 /* CopyFiles */ = {
			isa = PBXCopyFilesBuildPhase;
			buildActionMask = 2147483647;
			dstPath = /usr/share/man/man1/;
			dstSubfolderSpec = 0;
			files = (
			);
			runOnlyForDeploymentPostprocessing = 1;
		};
/* End PBXCopyFilesBuildPhase section */

/* Begin PBXFileReference section */
		F97F957F222B700B005CFF29 /* path_random_30_256.txt */ = {isa = PBXFileReference; lastKnownFileType = text; path = path_random_30_256.txt; sourceTree = "<group>"; };
		F97F9580222B700B005CFF29 /* output_random_30_256.txt */ = {isa = PBXFileReference; lastKnownFileType = text; path = output_random_30_256.txt; sourceTree = "<group>"; };
		F97F9581222B700B005CFF29 /* input_random_30_256.txt */ = {isa = PBXFileReference; lastKnownFileType = text; path = input_random_30_256.txt; sourceTree = "<group>"; };
		F97F9582222B70FE005CFF29 /* input_random_44_2048.txt */ = {isa = PBXFileReference; lastKnownFileType = text; path = input_random_44_2048.txt; sourceTree = "<group>"; };
		F97F9583222B70FE005CFF29 /* output_random_44_2048.txt */ = {isa = PBXFileReference; lastKnownFileType = text; path = output_random_44_2048.txt; sourceTree = "<group>"; };
		F97F9584222B70FE005CFF29 /* path_random_44_2048.txt */ = {isa = PBXFileReference; lastKnownFileType = text; path = path_random_44_2048.txt; sourceTree = "<group>"; };
		F997716C2223D5D000B6C91B /* edgebuilder.hpp */ = {isa = PBXFileReference; lastKnownFileType = sourcecode.cpp.h; path = edgebuilder.hpp; sourceTree = "<group>"; };
		F997716E22250AA500B6C91B /* edgetote.hpp */ = {isa = PBXFileReference; lastKnownFileType = sourcecode.cpp.h; path = edgetote.hpp; sourceTree = "<group>"; };
		F9AA04A622210F36006EADC5 /* graphs */ = {isa = PBXFileReference; explicitFileType = "compiled.mach-o.executable"; includeInIndex = 0; path = graphs; sourceTree = BUILT_PRODUCTS_DIR; };
		F9AA04A922210F36006EADC5 /* main.cpp */ = {isa = PBXFileReference; lastKnownFileType = sourcecode.cpp.cpp; path = main.cpp; sourceTree = "<group>"; };
		F9AA04BA222110B6006EADC5 /* vertex.hpp */ = {isa = PBXFileReference; lastKnownFileType = sourcecode.cpp.h; path = vertex.hpp; sourceTree = "<group>"; };
		F9AA04BD222110D1006EADC5 /* edge.hpp */ = {isa = PBXFileReference; lastKnownFileType = sourcecode.cpp.h; path = edge.hpp; sourceTree = "<group>"; };
		F9AA04C0222110E9006EADC5 /* graph.hpp */ = {isa = PBXFileReference; lastKnownFileType = sourcecode.cpp.h; path = graph.hpp; sourceTree = "<group>"; };
		F9AA04C222211870006EADC5 /* common.hpp */ = {isa = PBXFileReference; lastKnownFileType = sourcecode.cpp.h; path = common.hpp; sourceTree = "<group>"; };
		F9AA04C3222131EA006EADC5 /* factory.cpp */ = {isa = PBXFileReference; lastKnownFileType = sourcecode.cpp.cpp; path = factory.cpp; sourceTree = "<group>"; };
		F9AA04C4222131EA006EADC5 /* factory.hpp */ = {isa = PBXFileReference; lastKnownFileType = sourcecode.cpp.h; path = factory.hpp; sourceTree = "<group>"; };
		F9E0632122238B490018BDB2 /* adt.hpp */ = {isa = PBXFileReference; lastKnownFileType = sourcecode.cpp.h; name = adt.hpp; path = graphs/adt/adt.hpp; sourceTree = SOURCE_ROOT; };
		F9F77EE92228EEFF002CDD62 /* bellmanford.hpp */ = {isa = PBXFileReference; lastKnownFileType = sourcecode.cpp.h; path = bellmanford.hpp; sourceTree = "<group>"; };
		F9F77EF422291728002CDD62 /* g3.txt */ = {isa = PBXFileReference; lastKnownFileType = text; path = g3.txt; sourceTree = "<group>"; };
		F9F77EF522291728002CDD62 /* g1.txt */ = {isa = PBXFileReference; lastKnownFileType = text; path = g1.txt; sourceTree = "<group>"; };
		F9F77EF622291728002CDD62 /* input_random_4_2.txt */ = {isa = PBXFileReference; lastKnownFileType = text; path = input_random_4_2.txt; sourceTree = "<group>"; };
		F9F77EF722291728002CDD62 /* g2.txt */ = {isa = PBXFileReference; lastKnownFileType = text; path = g2.txt; sourceTree = "<group>"; };
		F9F77EF822291728002CDD62 /* large.txt */ = {isa = PBXFileReference; lastKnownFileType = text; path = large.txt; sourceTree = "<group>"; };
		F9F77EF922291728002CDD62 /* output_random_4_2.txt */ = {isa = PBXFileReference; lastKnownFileType = text; path = output_random_4_2.txt; sourceTree = "<group>"; };
		F9F77EFA222917D0002CDD62 /* path_random_4_2.txt */ = {isa = PBXFileReference; lastKnownFileType = text; path = path_random_4_2.txt; sourceTree = "<group>"; };
		F9F77EFB2229183A002CDD62 /* input_random_8_4.txt */ = {isa = PBXFileReference; lastKnownFileType = text; path = input_random_8_4.txt; sourceTree = "<group>"; };
		F9F77EFC2229183B002CDD62 /* output_random_8_4.txt */ = {isa = PBXFileReference; lastKnownFileType = text; path = output_random_8_4.txt; sourceTree = "<group>"; };
		F9F77EFD2229183B002CDD62 /* path_random_8_4.txt */ = {isa = PBXFileReference; lastKnownFileType = text; path = path_random_8_4.txt; sourceTree = "<group>"; };
		F9F77EFE2229FDE2002CDD62 /* input_random_20_32.txt */ = {isa = PBXFileReference; lastKnownFileType = text; path = input_random_20_32.txt; sourceTree = "<group>"; };
		F9F77EFF2229FDE2002CDD62 /* output_random_20_32.txt */ = {isa = PBXFileReference; lastKnownFileType = text; path = output_random_20_32.txt; sourceTree = "<group>"; };
		F9F77F002229FDE2002CDD62 /* path_random_20_32.txt */ = {isa = PBXFileReference; lastKnownFileType = text; path = path_random_20_32.txt; sourceTree = "<group>"; };
		F9F77F01222A1CA3002CDD62 /* input_random_10_8.txt */ = {isa = PBXFileReference; lastKnownFileType = text; path = input_random_10_8.txt; sourceTree = "<group>"; };
		F9F77F02222A1CA3002CDD62 /* path_random_10_8.txt */ = {isa = PBXFileReference; lastKnownFileType = text; path = path_random_10_8.txt; sourceTree = "<group>"; };
		F9F77F03222A1CA3002CDD62 /* output_random_10_8.txt */ = {isa = PBXFileReference; lastKnownFileType = text; path = output_random_10_8.txt; sourceTree = "<group>"; };
		F9F77F04222A209E002CDD62 /* output_random_15_16.txt */ = {isa = PBXFileReference; lastKnownFileType = text; path = output_random_15_16.txt; sourceTree = "<group>"; };
		F9F77F05222A209E002CDD62 /* path_random_15_16.txt */ = {isa = PBXFileReference; lastKnownFileType = text; path = path_random_15_16.txt; sourceTree = "<group>"; };
		F9F77F06222A209E002CDD62 /* input_random_15_16.txt */ = {isa = PBXFileReference; lastKnownFileType = text; path = input_random_15_16.txt; sourceTree = "<group>"; };
		F9F77F07222A21FA002CDD62 /* input_random_13_16.txt */ = {isa = PBXFileReference; lastKnownFileType = text; path = input_random_13_16.txt; sourceTree = "<group>"; };
		F9F77F08222A21FA002CDD62 /* output_random_13_16.txt */ = {isa = PBXFileReference; lastKnownFileType = text; path = output_random_13_16.txt; sourceTree = "<group>"; };
		F9F77F09222A21FA002CDD62 /* path_random_13_16.txt */ = {isa = PBXFileReference; lastKnownFileType = text; path = path_random_13_16.txt; sourceTree = "<group>"; };
		F9F77F0A222A41DD002CDD62 /* input_random_1_2.txt */ = {isa = PBXFileReference; lastKnownFileType = text; path = input_random_1_2.txt; sourceTree = "<group>"; };
		F9F77F0B222A41DD002CDD62 /* output_random_1_2.txt */ = {isa = PBXFileReference; lastKnownFileType = text; path = output_random_1_2.txt; sourceTree = "<group>"; };
		F9F77F0C222A41DD002CDD62 /* path_random_1_2.txt */ = {isa = PBXFileReference; lastKnownFileType = text; path = path_random_1_2.txt; sourceTree = "<group>"; };
/* End PBXFileReference section */

/* Begin PBXFrameworksBuildPhase section */
		F9AA04A322210F36006EADC5 /* Frameworks */ = {
			isa = PBXFrameworksBuildPhase;
			buildActionMask = 2147483647;
			files = (
			);
			runOnlyForDeploymentPostprocessing = 0;
		};
/* End PBXFrameworksBuildPhase section */

/* Begin PBXGroup section */
		F9AA049D22210F36006EADC5 = {
			isa = PBXGroup;
			children = (
				F9AA04A822210F36006EADC5 /* graphs */,
				F9AA04A722210F36006EADC5 /* Products */,
			);
			sourceTree = "<group>";
		};
		F9AA04A722210F36006EADC5 /* Products */ = {
			isa = PBXGroup;
			children = (
				F9AA04A622210F36006EADC5 /* graphs */,
			);
			name = Products;
			sourceTree = "<group>";
		};
		F9AA04A822210F36006EADC5 /* graphs */ = {
			isa = PBXGroup;
			children = (
				F9E063202223187C0018BDB2 /* adt */,
				F9AA04A922210F36006EADC5 /* main.cpp */,
			);
			path = graphs;
			sourceTree = "<group>";
		};
		F9E0631D2223172C0018BDB2 /* data */ = {
			isa = PBXGroup;
			children = (
				F9AA04BD222110D1006EADC5 /* edge.hpp */,
				F9AA04BA222110B6006EADC5 /* vertex.hpp */,
			);
			path = data;
			sourceTree = "<group>";
		};
		F9E0631F2223174B0018BDB2 /* common */ = {
			isa = PBXGroup;
			children = (
				F9AA04C3222131EA006EADC5 /* factory.cpp */,
				F9AA04C4222131EA006EADC5 /* factory.hpp */,
				F9AA04C222211870006EADC5 /* common.hpp */,
			);
			path = common;
			sourceTree = "<group>";
		};
		F9E063202223187C0018BDB2 /* adt */ = {
			isa = PBXGroup;
			children = (
				F9E063222223BABF0018BDB2 /* builders */,
				F9F77EE22228EEFF002CDD62 /* algo */,
				F9E0632122238B490018BDB2 /* adt.hpp */,
				F9E0631F2223174B0018BDB2 /* common */,
				F9E0631D2223172C0018BDB2 /* data */,
				F9AA04C0222110E9006EADC5 /* graph.hpp */,
			);
			path = adt;
			sourceTree = "<group>";
		};
		F9E063222223BABF0018BDB2 /* builders */ = {
			isa = PBXGroup;
			children = (
				F9E063232223BB620018BDB2 /* edge */,
			);
			path = builders;
			sourceTree = "<group>";
		};
		F9E063232223BB620018BDB2 /* edge */ = {
			isa = PBXGroup;
			children = (
				F997716C2223D5D000B6C91B /* edgebuilder.hpp */,
				F997716E22250AA500B6C91B /* edgetote.hpp */,
				F9E063282223BB970018BDB2 /* testcases */,
			);
			path = edge;
			sourceTree = "<group>";
		};
		F9E063282223BB970018BDB2 /* testcases */ = {
			isa = PBXGroup;
			children = (
				F9F77EF522291728002CDD62 /* g1.txt */,
				F9F77EF722291728002CDD62 /* g2.txt */,
				F9F77EF422291728002CDD62 /* g3.txt */,
				F9F77EF822291728002CDD62 /* large.txt */,
				F9F77F0A222A41DD002CDD62 /* input_random_1_2.txt */,
				F9F77F0B222A41DD002CDD62 /* output_random_1_2.txt */,
				F9F77F0C222A41DD002CDD62 /* path_random_1_2.txt */,
				F9F77EF622291728002CDD62 /* input_random_4_2.txt */,
				F9F77EF922291728002CDD62 /* output_random_4_2.txt */,
				F9F77EFA222917D0002CDD62 /* path_random_4_2.txt */,
				F9F77EFB2229183A002CDD62 /* input_random_8_4.txt */,
				F9F77EFC2229183B002CDD62 /* output_random_8_4.txt */,
				F9F77EFD2229183B002CDD62 /* path_random_8_4.txt */,
				F9F77F01222A1CA3002CDD62 /* input_random_10_8.txt */,
				F9F77F03222A1CA3002CDD62 /* output_random_10_8.txt */,
				F9F77F02222A1CA3002CDD62 /* path_random_10_8.txt */,
				F9F77F07222A21FA002CDD62 /* input_random_13_16.txt */,
				F9F77F08222A21FA002CDD62 /* output_random_13_16.txt */,
				F9F77F09222A21FA002CDD62 /* path_random_13_16.txt */,
				F9F77F06222A209E002CDD62 /* input_random_15_16.txt */,
				F9F77F04222A209E002CDD62 /* output_random_15_16.txt */,
				F9F77F05222A209E002CDD62 /* path_random_15_16.txt */,
				F9F77EFE2229FDE2002CDD62 /* input_random_20_32.txt */,
				F9F77EFF2229FDE2002CDD62 /* output_random_20_32.txt */,
				F9F77F002229FDE2002CDD62 /* path_random_20_32.txt */,
				F97F9581222B700B005CFF29 /* input_random_30_256.txt */,
				F97F9580222B700B005CFF29 /* output_random_30_256.txt */,
				F97F957F222B700B005CFF29 /* path_random_30_256.txt */,
				F97F9582222B70FE005CFF29 /* input_random_44_2048.txt */,
				F97F9583222B70FE005CFF29 /* output_random_44_2048.txt */,
				F97F9584222B70FE005CFF29 /* path_random_44_2048.txt */,
			);
			path = testcases;
			sourceTree = "<group>";
		};
		F9F77EE22228EEFF002CDD62 /* algo */ = {
			isa = PBXGroup;
			children = (
				F9F77EE32228EEFF002CDD62 /* singleSourceShortestPath */,
				F9F77EE52228EEFF002CDD62 /* allPairShortestPath */,
				F9F77EEB2228EEFF002CDD62 /* minimumSpanningTree */,
			);
			path = algo;
			sourceTree = "<group>";
		};
		F9F77EE32228EEFF002CDD62 /* singleSourceShortestPath */ = {
			isa = PBXGroup;
			children = (
				F9F77EE42228EEFF002CDD62 /* Dijkstra */,
			);
			path = singleSourceShortestPath;
			sourceTree = "<group>";
		};
		F9F77EE42228EEFF002CDD62 /* Dijkstra */ = {
			isa = PBXGroup;
			children = (
			);
			path = Dijkstra;
			sourceTree = "<group>";
		};
		F9F77EE52228EEFF002CDD62 /* allPairShortestPath */ = {
			isa = PBXGroup;
			children = (
				F9F77EE62228EEFF002CDD62 /* FloydWarshall */,
				F9F77EE72228EEFF002CDD62 /* BellmanFord */,
				F9F77EEA2228EEFF002CDD62 /* Johnson */,
			);
			path = allPairShortestPath;
			sourceTree = "<group>";
		};
		F9F77EE62228EEFF002CDD62 /* FloydWarshall */ = {
			isa = PBXGroup;
			children = (
			);
			path = FloydWarshall;
			sourceTree = "<group>";
		};
		F9F77EE72228EEFF002CDD62 /* BellmanFord */ = {
			isa = PBXGroup;
			children = (
				F9F77EE92228EEFF002CDD62 /* bellmanford.hpp */,
			);
			path = BellmanFord;
			sourceTree = "<group>";
		};
		F9F77EEA2228EEFF002CDD62 /* Johnson */ = {
			isa = PBXGroup;
			children = (
			);
			path = Johnson;
			sourceTree = "<group>";
		};
		F9F77EEB2228EEFF002CDD62 /* minimumSpanningTree */ = {
			isa = PBXGroup;
			children = (
				F9F77EEC2228EEFF002CDD62 /* Kruskal */,
				F9F77EED2228EEFF002CDD62 /* Prim */,
			);
			path = minimumSpanningTree;
			sourceTree = "<group>";
		};
		F9F77EEC2228EEFF002CDD62 /* Kruskal */ = {
			isa = PBXGroup;
			children = (
			);
			path = Kruskal;
			sourceTree = "<group>";
		};
		F9F77EED2228EEFF002CDD62 /* Prim */ = {
			isa = PBXGroup;
			children = (
			);
			path = Prim;
			sourceTree = "<group>";
		};
/* End PBXGroup section */

/* Begin PBXNativeTarget section */
		F9AA04A522210F36006EADC5 /* graphs */ = {
			isa = PBXNativeTarget;
			buildConfigurationList = F9AA04AD22210F36006EADC5 /* Build configuration list for PBXNativeTarget "graphs" */;
			buildPhases = (
				F9AA04A222210F36006EADC5 /* Sources */,
				F9AA04A322210F36006EADC5 /* Frameworks */,
				F9AA04A422210F36006EADC5 /* CopyFiles */,
			);
			buildRules = (
			);
			dependencies = (
			);
			name = graphs;
			productName = graphs;
			productReference = F9AA04A622210F36006EADC5 /* graphs */;
			productType = "com.apple.product-type.tool";
		};
/* End PBXNativeTarget section */

/* Begin PBXProject section */
		F9AA049E22210F36006EADC5 /* Project object */ = {
			isa = PBXProject;
			attributes = {
				LastUpgradeCheck = 1010;
				ORGANIZATIONNAME = "Rohit Priyadarshi";
				TargetAttributes = {
					F9AA04A522210F36006EADC5 = {
						CreatedOnToolsVersion = 10.1;
					};
				};
			};
			buildConfigurationList = F9AA04A122210F36006EADC5 /* Build configuration list for PBXProject "graphs" */;
			compatibilityVersion = "Xcode 9.3";
			developmentRegion = en;
			hasScannedForEncodings = 0;
			knownRegions = (
				en,
			);
			mainGroup = F9AA049D22210F36006EADC5;
			productRefGroup = F9AA04A722210F36006EADC5 /* Products */;
			projectDirPath = "";
			projectRoot = "";
			targets = (
				F9AA04A522210F36006EADC5 /* graphs */,
			);
		};
/* End PBXProject section */

/* Begin PBXSourcesBuildPhase section */
		F9AA04A222210F36006EADC5 /* Sources */ = {
			isa = PBXSourcesBuildPhase;
			buildActionMask = 2147483647;
			files = (
				F9AA04C5222131EA006EADC5 /* factory.cpp in Sources */,
				F9AA04AA22210F36006EADC5 /* main.cpp in Sources */,
			);
			runOnlyForDeploymentPostprocessing = 0;
		};
/* End PBXSourcesBuildPhase section */

/* Begin XCBuildConfiguration section */
		F9AA04AB22210F36006EADC5 /* Debug */ = {
			isa = XCBuildConfiguration;
			buildSettings = {
				ALWAYS_SEARCH_USER_PATHS = NO;
				CLANG_ANALYZER_NONNULL = YES;
				CLANG_ANALYZER_NUMBER_OBJECT_CONVERSION = YES_AGGRESSIVE;
				CLANG_CXX_LANGUAGE_STANDARD = "gnu++14";
				CLANG_CXX_LIBRARY = "libc++";
				CLANG_ENABLE_MODULES = YES;
				CLANG_ENABLE_OBJC_ARC = YES;
				CLANG_ENABLE_OBJC_WEAK = YES;
				CLANG_WARN_BLOCK_CAPTURE_AUTORELEASING = YES;
				CLANG_WARN_BOOL_CONVERSION = YES;
				CLANG_WARN_COMMA = YES;
				CLANG_WARN_CONSTANT_CONVERSION = YES;
				CLANG_WARN_DEPRECATED_OBJC_IMPLEMENTATIONS = YES;
				CLANG_WARN_DIRECT_OBJC_ISA_USAGE = YES_ERROR;
				CLANG_WARN_DOCUMENTATION_COMMENTS = YES;
				CLANG_WARN_EMPTY_BODY = YES;
				CLANG_WARN_ENUM_CONVERSION = YES;
				CLANG_WARN_INFINITE_RECURSION = YES;
				CLANG_WARN_INT_CONVERSION = YES;
				CLANG_WARN_NON_LITERAL_NULL_CONVERSION = YES;
				CLANG_WARN_OBJC_IMPLICIT_RETAIN_SELF = YES;
				CLANG_WARN_OBJC_LITERAL_CONVERSION = YES;
				CLANG_WARN_OBJC_ROOT_CLASS = YES_ERROR;
				CLANG_WARN_RANGE_LOOP_ANALYSIS = YES;
				CLANG_WARN_STRICT_PROTOTYPES = YES;
				CLANG_WARN_SUSPICIOUS_MOVE = YES;
				CLANG_WARN_UNGUARDED_AVAILABILITY = YES_AGGRESSIVE;
				CLANG_WARN_UNREACHABLE_CODE = YES;
				CLANG_WARN__DUPLICATE_METHOD_MATCH = YES;
				CODE_SIGN_IDENTITY = "-";
				COPY_PHASE_STRIP = NO;
				DEBUG_INFORMATION_FORMAT = dwarf;
				ENABLE_STRICT_OBJC_MSGSEND = YES;
				ENABLE_TESTABILITY = YES;
				GCC_C_LANGUAGE_STANDARD = gnu11;
				GCC_DYNAMIC_NO_PIC = NO;
				GCC_NO_COMMON_BLOCKS = YES;
				GCC_OPTIMIZATION_LEVEL = 0;
				GCC_PREPROCESSOR_DEFINITIONS = (
					"DEBUG=1",
					"$(inherited)",
				);
				GCC_WARN_64_TO_32_BIT_CONVERSION = YES;
				GCC_WARN_ABOUT_RETURN_TYPE = YES_ERROR;
				GCC_WARN_UNDECLARED_SELECTOR = YES;
				GCC_WARN_UNINITIALIZED_AUTOS = YES_AGGRESSIVE;
				GCC_WARN_UNUSED_FUNCTION = YES;
				GCC_WARN_UNUSED_VARIABLE = YES;
				MACOSX_DEPLOYMENT_TARGET = 10.14;
				MTL_ENABLE_DEBUG_INFO = INCLUDE_SOURCE;
				MTL_FAST_MATH = YES;
				ONLY_ACTIVE_ARCH = YES;
				SDKROOT = macosx;
			};
			name = Debug;
		};
		F9AA04AC22210F36006EADC5 /* Release */ = {
			isa = XCBuildConfiguration;
			buildSettings = {
				ALWAYS_SEARCH_USER_PATHS = NO;
				CLANG_ANALYZER_NONNULL = YES;
				CLANG_ANALYZER_NUMBER_OBJECT_CONVERSION = YES_AGGRESSIVE;
				CLANG_CXX_LANGUAGE_STANDARD = "gnu++14";
				CLANG_CXX_LIBRARY = "libc++";
				CLANG_ENABLE_MODULES = YES;
				CLANG_ENABLE_OBJC_ARC = YES;
				CLANG_ENABLE_OBJC_WEAK = YES;
				CLANG_WARN_BLOCK_CAPTURE_AUTORELEASING = YES;
				CLANG_WARN_BOOL_CONVERSION = YES;
				CLANG_WARN_COMMA = YES;
				CLANG_WARN_CONSTANT_CONVERSION = YES;
				CLANG_WARN_DEPRECATED_OBJC_IMPLEMENTATIONS = YES;
				CLANG_WARN_DIRECT_OBJC_ISA_USAGE = YES_ERROR;
				CLANG_WARN_DOCUMENTATION_COMMENTS = YES;
				CLANG_WARN_EMPTY_BODY = YES;
				CLANG_WARN_ENUM_CONVERSION = YES;
				CLANG_WARN_INFINITE_RECURSION = YES;
				CLANG_WARN_INT_CONVERSION = YES;
				CLANG_WARN_NON_LITERAL_NULL_CONVERSION = YES;
				CLANG_WARN_OBJC_IMPLICIT_RETAIN_SELF = YES;
				CLANG_WARN_OBJC_LITERAL_CONVERSION = YES;
				CLANG_WARN_OBJC_ROOT_CLASS = YES_ERROR;
				CLANG_WARN_RANGE_LOOP_ANALYSIS = YES;
				CLANG_WARN_STRICT_PROTOTYPES = YES;
				CLANG_WARN_SUSPICIOUS_MOVE = YES;
				CLANG_WARN_UNGUARDED_AVAILABILITY = YES_AGGRESSIVE;
				CLANG_WARN_UNREACHABLE_CODE = YES;
				CLANG_WARN__DUPLICATE_METHOD_MATCH = YES;
				CODE_SIGN_IDENTITY = "-";
				COPY_PHASE_STRIP = NO;
				DEBUG_INFORMATION_FORMAT = "dwarf-with-dsym";
				ENABLE_NS_ASSERTIONS = NO;
				ENABLE_STRICT_OBJC_MSGSEND = YES;
				GCC_C_LANGUAGE_STANDARD = gnu11;
				GCC_NO_COMMON_BLOCKS = YES;
				GCC_WARN_64_TO_32_BIT_CONVERSION = YES;
				GCC_WARN_ABOUT_RETURN_TYPE = YES_ERROR;
				GCC_WARN_UNDECLARED_SELECTOR = YES;
				GCC_WARN_UNINITIALIZED_AUTOS = YES_AGGRESSIVE;
				GCC_WARN_UNUSED_FUNCTION = YES;
				GCC_WARN_UNUSED_VARIABLE = YES;
				MACOSX_DEPLOYMENT_TARGET = 10.14;
				MTL_ENABLE_DEBUG_INFO = NO;
				MTL_FAST_MATH = YES;
				SDKROOT = macosx;
			};
			name = Release;
		};
		F9AA04AE22210F36006EADC5 /* Debug */ = {
			isa = XCBuildConfiguration;
			buildSettings = {
				CLANG_CXX_LANGUAGE_STANDARD = "c++17";
				CODE_SIGN_STYLE = Automatic;
				PRODUCT_NAME = "$(TARGET_NAME)";
			};
			name = Debug;
		};
		F9AA04AF22210F36006EADC5 /* Release */ = {
			isa = XCBuildConfiguration;
			buildSettings = {
				CLANG_CXX_LANGUAGE_STANDARD = "c++17";
				CODE_SIGN_STYLE = Automatic;
				PRODUCT_NAME = "$(TARGET_NAME)";
			};
			name = Release;
		};
/* End XCBuildConfiguration section */

/* Begin XCConfigurationList section */
		F9AA04A122210F36006EADC5 /* Build configuration list for PBXProject "graphs" */ = {
			isa = XCConfigurationList;
			buildConfigurations = (
				F9AA04AB22210F36006EADC5 /* Debug */,
				F9AA04AC22210F36006EADC5 /* Release */,
			);
			defaultConfigurationIsVisible = 0;
			defaultConfigurationName = Release;
		};
		F9AA04AD22210F36006EADC5 /* Build configuration list for PBXNativeTarget "graphs" */ = {
			isa = XCConfigurationList;
			buildConfigurations = (
				F9AA04AE22210F36006EADC5 /* Debug */,
				F9AA04AF22210F36006EADC5 /* Release */,
			);
			defaultConfigurationIsVisible = 0;
			defaultConfigurationName = Release;
		};
/* End XCConfigurationList section */
	};
	rootObject = F9AA049E22210F36006EADC5 /* Project object */;
}
